
Microsoft Visual Studio Solution File, Format Version 12.00
# Visual Studio Version 17
VisualStudioVersion = 17.4.33122.133
MinimumVisualStudioVersion = 10.0.40219.1
Project("{FAE04EC0-301F-11D3-BF4B-00C04F79EFBC}") = "VirtualDars.DesignPatterns.Proxy", "VirtualDars.DesignPatterns.Proxy.csproj", "{4B44D3E9-B084-4A65-9D7E-8FB14C486D98}"
EndProject
Global
	GlobalSection(SolutionConfigurationPlatforms) = preSolution
		Debug|Any CPU = Debug|Any CPU
		Release|Any CPU = Release|Any CPU
	EndGlobalSection
	GlobalSection(ProjectConfigurationPlatforms) = postSolution
		{4B44D3E9-B084-4A65-9D7E-8FB14C486D98}.Debug|Any CPU.ActiveCfg = Debug|Any CPU
		{4B44D3E9-B084-4A65-9D7E-8FB14C486D98}.Debug|Any CPU.Build.0 = Debug|Any CPU
		{4B44D3E9-B084-4A65-9D7E-8FB14C486D98}.Release|Any CPU.ActiveCfg = Release|Any CPU
		{4B44D3E9-B084-4A65-9D7E-8FB14C486D98}.Release|Any CPU.Build.0 = Release|Any CPU
	EndGlobalSection
	GlobalSection(SolutionProperties) = preSolution
		HideSolutionNode = FALSE
	EndGlobalSection
	GlobalSection(ExtensibilityGlobals) = postSolution
		SolutionGuid = {9A41E32B-CEE8-4CAF-A09B-6C736D461A75}
	EndGlobalSection
EndGlobal
